# This file is automatically @generated by Cargo.
# It is not intended for manual editing.
version = 3

[[package]]
name = "advent"
version = "0.1.0"
dependencies = [
 "hex",
 "priority-queue",
 "regex",
]

[[package]]
name = "aho-corasick"
version = "0.6.4"
source = "registry+https://github.com/rust-lang/crates.io-index"
checksum = "d6531d44de723825aa81398a6415283229725a00fa30713812ab9323faa82fc4"
dependencies = [
 "memchr",
]

[[package]]
name = "autocfg"
version = "1.0.1"
source = "registry+https://github.com/rust-lang/crates.io-index"
checksum = "cdb031dd78e28731d87d56cc8ffef4a8f36ca26c38fe2de700543e627f8a464a"

[[package]]
name = "hashbrown"
version = "0.11.2"
source = "registry+https://github.com/rust-lang/crates.io-index"
checksum = "ab5ef0d4909ef3724cc8cce6ccc8572c5c817592e9285f5464f8e86f8bd3726e"

[[package]]
name = "hex"
version = "0.4.3"
source = "registry+https://github.com/rust-lang/crates.io-index"
checksum = "7f24254aa9a54b5c858eaee2f5bccdb46aaf0e486a595ed5fd8f86ba55232a70"

[[package]]
name = "indexmap"
version = "1.7.0"
source = "registry+https://github.com/rust-lang/crates.io-index"
checksum = "bc633605454125dec4b66843673f01c7df2b89479b32e0ed634e43a91cff62a5"
dependencies = [
 "autocfg",
 "hashbrown",
]

[[package]]
name = "lazy_static"
version = "1.0.0"
source = "registry+https://github.com/rust-lang/crates.io-index"
checksum = "c8f31047daa365f19be14b47c29df4f7c3b581832407daabe6ae77397619237d"

[[package]]
name = "libc"
version = "0.2.34"
source = "registry+https://github.com/rust-lang/crates.io-index"
checksum = "36fbc8a8929c632868295d0178dd8f63fc423fd7537ad0738372bd010b3ac9b0"

[[package]]
name = "memchr"
version = "2.0.1"
source = "registry+https://github.com/rust-lang/crates.io-index"
checksum = "796fba70e76612589ed2ce7f45282f5af869e0fdd7cc6199fa1aa1f1d591ba9d"
dependencies = [
 "libc",
]

[[package]]
name = "priority-queue"
version = "1.2.1"
source = "registry+https://github.com/rust-lang/crates.io-index"
checksum = "00ba480ac08d3cfc40dea10fd466fd2c14dee3ea6fc7873bc4079eda2727caf0"
dependencies = [
 "autocfg",
 "indexmap",
]

[[package]]
name = "regex"
version = "0.2.3"
source = "registry+https://github.com/rust-lang/crates.io-index"
checksum = "ac6ab4e9218ade5b423358bbd2567d1617418403c7a512603630181813316322"
dependencies = [
 "aho-corasick",
 "memchr",
 "regex-syntax",
 "thread_local",
 "utf8-ranges",
]

[[package]]
name = "regex-syntax"
version = "0.4.1"
source = "registry+https://github.com/rust-lang/crates.io-index"
checksum = "ad890a5eef7953f55427c50575c680c42841653abd2b028b68cd223d157f62db"

[[package]]
name = "thread_local"
version = "0.3.5"
source = "registry+https://github.com/rust-lang/crates.io-index"
checksum = "279ef31c19ededf577bfd12dfae728040a21f635b06a24cd670ff510edd38963"
dependencies = [
 "lazy_static",
 "unreachable",
]

[[package]]
name = "unreachable"
version = "1.0.0"
source = "registry+https://github.com/rust-lang/crates.io-index"
checksum = "382810877fe448991dfc7f0dd6e3ae5d58088fd0ea5e35189655f84e6814fa56"
dependencies = [
 "void",
]

[[package]]
name = "utf8-ranges"
version = "1.0.0"
source = "registry+https://github.com/rust-lang/crates.io-index"
checksum = "662fab6525a98beff2921d7f61a39e7d59e0b425ebc7d0d9e66d316e55124122"

[[package]]
name = "void"
version = "1.0.2"
source = "registry+https://github.com/rust-lang/crates.io-index"
checksum = "6a02e4885ed3bc0f2de90ea6dd45ebcbb66dacffe03547fadbb0eeae2770887d"
